
Microsoft Visual Studio Solution File, Format Version 12.00
# Visual Studio Version 17
VisualStudioVersion = 17.5.33516.290
MinimumVisualStudioVersion = 10.0.40219.1
Project("{9A19103F-16F7-4668-BE54-9A1E7A4F7556}") = "Project1", "Project1\Project1.csproj", "{F1E62D66-45FD-4E2A-BBCE-365520B75DBD}"
EndProject
Global
	GlobalSection(SolutionConfigurationPlatforms) = preSolution
		Debug|Any CPU = Debug|Any CPU
		Release|Any CPU = Release|Any CPU
	EndGlobalSection
	GlobalSection(ProjectConfigurationPlatforms) = postSolution
		{F1E62D66-45FD-4E2A-BBCE-365520B75DBD}.Debug|Any CPU.ActiveCfg = Debug|Any CPU
		{F1E62D66-45FD-4E2A-BBCE-365520B75DBD}.Debug|Any CPU.Build.0 = Debug|Any CPU
		{F1E62D66-45FD-4E2A-BBCE-365520B75DBD}.Release|Any CPU.ActiveCfg = Release|Any CPU
		{F1E62D66-45FD-4E2A-BBCE-365520B75DBD}.Release|Any CPU.Build.0 = Release|Any CPU
	EndGlobalSection
	GlobalSection(SolutionProperties) = preSolution
		HideSolutionNode = FALSE
	EndGlobalSection
	GlobalSection(ExtensibilityGlobals) = postSolution
		SolutionGuid = {32D68C43-73F5-4BC3-90CA-68A70CC63C2C}
	EndGlobalSection
EndGlobal
